
Microsoft Visual Studio Solution File, Format Version 12.00
# Visual Studio Version 16
VisualStudioVersion = 16.0.29613.14
MinimumVisualStudioVersion = 10.0.40219.1
Project("{9A19103F-16F7-4668-BE54-9A1E7A4F7556}") = "jnUtil", "jnUtil\jnUtil.csproj", "{97D05577-FBFF-4584-AD05-D7E4A335860C}"
EndProject
Project("{FAE04EC0-301F-11D3-BF4B-00C04F79EFBC}") = "jnUtilTests", "jnUtilTests\jnUtilTests.csproj", "{97F05381-02BB-4DA6-BFF7-030FB98E65D2}"
EndProject
Global
	GlobalSection(SolutionConfigurationPlatforms) = preSolution
		Debug|Any CPU = Debug|Any CPU
		Release|Any CPU = Release|Any CPU
	EndGlobalSection
	GlobalSection(ProjectConfigurationPlatforms) = postSolution
		{97D05577-FBFF-4584-AD05-D7E4A335860C}.Debug|Any CPU.ActiveCfg = Debug|Any CPU
		{97D05577-FBFF-4584-AD05-D7E4A335860C}.Debug|Any CPU.Build.0 = Debug|Any CPU
		{97D05577-FBFF-4584-AD05-D7E4A335860C}.Release|Any CPU.ActiveCfg = Release|Any CPU
		{97D05577-FBFF-4584-AD05-D7E4A335860C}.Release|Any CPU.Build.0 = Release|Any CPU
		{97F05381-02BB-4DA6-BFF7-030FB98E65D2}.Debug|Any CPU.ActiveCfg = Debug|Any CPU
		{97F05381-02BB-4DA6-BFF7-030FB98E65D2}.Debug|Any CPU.Build.0 = Debug|Any CPU
		{97F05381-02BB-4DA6-BFF7-030FB98E65D2}.Release|Any CPU.ActiveCfg = Release|Any CPU
		{97F05381-02BB-4DA6-BFF7-030FB98E65D2}.Release|Any CPU.Build.0 = Release|Any CPU
	EndGlobalSection
	GlobalSection(SolutionProperties) = preSolution
		HideSolutionNode = FALSE
	EndGlobalSection
	GlobalSection(ExtensibilityGlobals) = postSolution
		SolutionGuid = {CF5BD6EF-BD2A-451B-AC61-3D6CB807EF69}
	EndGlobalSection
EndGlobal
